
Microsoft Visual Studio Solution File, Format Version 12.00
# Visual Studio Version 16
VisualStudioVersion = 16.0.29806.167
MinimumVisualStudioVersion = 10.0.40219.1
Project("{9A19103F-16F7-4668-BE54-9A1E7A4F7556}") = "1_A. Cards", "1_A. Cards\1_A. Cards.csproj", "{C861CEA6-F5FE-497A-BD0D-2C11498E26E6}"
EndProject
Project("{9A19103F-16F7-4668-BE54-9A1E7A4F7556}") = "2_A. Is it rated", "2_A. Is it rated\2_A. Is it rated.csproj", "{B896DEF8-AEDE-48A5-9E7F-C12BB024514A}"
EndProject
Project("{9A19103F-16F7-4668-BE54-9A1E7A4F7556}") = "3_A. Bear and Big Brother", "3_A. Bear and Big Brother\3_A. Bear and Big Brother.csproj", "{1874C093-9B8D-4543-93D6-6B4DBAB1A844}"
EndProject
Project("{9A19103F-16F7-4668-BE54-9A1E7A4F7556}") = "4_B. Seating On Bus", "4_B. Seating On Bus\4_B. Seating On Bus.csproj", "{E38464EC-E7BC-4873-9438-20C712F2AFC1}"
EndProject
Project("{9A19103F-16F7-4668-BE54-9A1E7A4F7556}") = "5_A. Football", "5_A. Football\5_A. Football.csproj", "{5FF9FAFC-2C0C-4B79-AE28-893620CF048C}"
EndProject
Project("{9A19103F-16F7-4668-BE54-9A1E7A4F7556}") = "6_D. Logging", "6_D. Logging\6_D. Logging.csproj", "{E8344656-248B-4350-98BD-5017A140CBC4}"
EndProject
Project("{9A19103F-16F7-4668-BE54-9A1E7A4F7556}") = "7_B. Decoding", "7_B. Decoding\7_B. Decoding.csproj", "{0F833FE8-B6A7-4DA0-A854-247F0EC129F2}"
EndProject
Project("{9A19103F-16F7-4668-BE54-9A1E7A4F7556}") = "8_C. The Smallest String Concatenation", "8_C. The Smallest String Concatenation\8_C. The Smallest String Concatenation.csproj", "{AA37C147-F65D-407E-B324-42C20243FDFF}"
EndProject
Project("{9A19103F-16F7-4668-BE54-9A1E7A4F7556}") = "9_A. String Task", "9_A. String Task\9_A. String Task.csproj", "{D8089024-3D0E-4B59-8F6D-09A968A9F6B4}"
EndProject
Project("{9A19103F-16F7-4668-BE54-9A1E7A4F7556}") = "10_A. I_love_username", "10_A. I_love_username\10_A. I_love_username.csproj", "{35C252BF-AD13-4FBB-8047-F9B17433F387}"
EndProject
Project("{9A19103F-16F7-4668-BE54-9A1E7A4F7556}") = "11_A. Important Exam", "11_A. Important Exam\11_A. Important Exam.csproj", "{4CEC0278-F9CC-46B4-B57E-9BC30F9BC5B2}"
EndProject
Project("{9A19103F-16F7-4668-BE54-9A1E7A4F7556}") = "12_A. Display The Number", "12_A. Display The Number\12_A. Display The Number.csproj", "{770D3A3F-917D-4624-A1F5-15AC1B20CA9C}"
EndProject
Project("{9A19103F-16F7-4668-BE54-9A1E7A4F7556}") = "13_B. Radio Station", "13_B. Radio Station\13_B. Radio Station.csproj", "{6F38FA95-6B27-4559-8601-E11113D092D8}"
EndProject
Project("{9A19103F-16F7-4668-BE54-9A1E7A4F7556}") = "14_B. Water Lily", "14_B. Water Lily\14_B. Water Lily.csproj", "{EB06FC5E-D49A-4DE0-986E-A7D7A54FD8B1}"
EndProject
Project("{9A19103F-16F7-4668-BE54-9A1E7A4F7556}") = "15_A. Restoring Password", "15_A. Restoring Password\15_A. Restoring Password.csproj", "{398C6734-E7BA-44B1-8B18-1868BEDECA44}"
EndProject
Project("{9A19103F-16F7-4668-BE54-9A1E7A4F7556}") = "16_G. University Classes", "16_G. University Classes\16_G. University Classes.csproj", "{001D6C2B-82FC-478E-9AAB-F9D05C979E42}"
EndProject
Project("{9A19103F-16F7-4668-BE54-9A1E7A4F7556}") = "17_B. Polycarp and Letters", "17_B. Polycarp and Letters\17_B. Polycarp and Letters.csproj", "{E4C19FC2-B3D6-4B10-909B-642B2FE8E4F4}"
EndProject
Project("{9A19103F-16F7-4668-BE54-9A1E7A4F7556}") = "18_A. Sinking Ship", "18_A. Sinking Ship\18_A. Sinking Ship.csproj", "{77B638E0-B57B-4370-BC15-BDCFB965EF79}"
EndProject
Project("{9A19103F-16F7-4668-BE54-9A1E7A4F7556}") = "19_A. Two Bases", "19_A. Two Bases\19_A. Two Bases.csproj", "{D674B3EB-0BA5-4119-A41A-0CEDFA252229}"
EndProject
Project("{9A19103F-16F7-4668-BE54-9A1E7A4F7556}") = "20_A. Comparing Strings", "20_A. Comparing Strings\20_A. Comparing Strings.csproj", "{A8F01EF4-01C6-4037-8B64-B70B757A8035}"
EndProject
Project("{9A19103F-16F7-4668-BE54-9A1E7A4F7556}") = "21_A. Wilbur and Swimming Pool", "21_A. Wilbur and Swimming Pool\21_A. Wilbur and Swimming Pool.csproj", "{0957FEDB-A959-4748-811B-578ECFB0FA5F}"
EndProject
Project("{9A19103F-16F7-4668-BE54-9A1E7A4F7556}") = "22_A. Football", "22_A. Football\22_A. Football.csproj", "{8C54A1D7-84DA-497A-9469-7534D46D261B}"
EndProject
Project("{9A19103F-16F7-4668-BE54-9A1E7A4F7556}") = "23_A. Word Capitalization", "23_A. Word Capitalization\23_A. Word Capitalization.csproj", "{1FC5C507-5B78-48B1-A0B7-144B0C5C3903}"
EndProject
Project("{9A19103F-16F7-4668-BE54-9A1E7A4F7556}") = "24_A. cAPS lOCK", "24_A. cAPS lOCK\24_A. cAPS lOCK.csproj", "{910CF52C-9ED2-475F-8B7D-49B89992C037}"
EndProject
Project("{9A19103F-16F7-4668-BE54-9A1E7A4F7556}") = "25_A. Wrong Subtraction", "25_A. Wrong Subtraction\25_A. Wrong Subtraction.csproj", "{65EAC329-EB5D-4D98-8511-09378BF473EA}"
EndProject
Project("{9A19103F-16F7-4668-BE54-9A1E7A4F7556}") = "26_B. Drinks", "26_B. Drinks\26_B. Drinks.csproj", "{08E0FD2C-F4DB-4255-9D76-C577329E17A3}"
EndProject
Project("{9A19103F-16F7-4668-BE54-9A1E7A4F7556}") = "27_A. Fox And Snake", "27_A. Fox And Snake\27_A. Fox And Snake.csproj", "{00EAC5BD-1205-487A-8ADF-8B34390A49C4}"
EndProject
Project("{FAE04EC0-301F-11D3-BF4B-00C04F79EFBC}") = "28_A. Police Recruits", "28_A. Police Recruits\28_A. Police Recruits.csproj", "{A263502C-CCA3-4584-B4C9-9E040FD27867}"
EndProject
Project("{FAE04EC0-301F-11D3-BF4B-00C04F79EFBC}") = "29_A. Team Olympiad", "29_A. Team Olympiad\29_A. Team Olympiad.csproj", "{CE21BDBE-B3C7-4C7F-A29B-6F2C1E3DEC76}"
EndProject
Project("{FAE04EC0-301F-11D3-BF4B-00C04F79EFBC}") = "30_A. Bus to Udayland", "30_A. Bus to Udayland\30_A. Bus to Udayland.csproj", "{E8AE409C-8021-4B3D-98D3-5059F2A8B05F}"
EndProject
Project("{FAE04EC0-301F-11D3-BF4B-00C04F79EFBC}") = "31_A. Gennady and a Card Game", "31_A. Gennady and a Card Game\31_A. Gennady and a Card Game.csproj", "{BD266AC9-EB04-4D2A-85B8-A0B8DD438243}"
EndProject
Project("{FAE04EC0-301F-11D3-BF4B-00C04F79EFBC}") = "37_(31)_A. Rewards", "31_A. Rewards\37_(31)_A. Rewards.csproj", "{6F035629-D78E-4C7E-BD11-FBF5613F2CFA}"
EndProject
Project("{FAE04EC0-301F-11D3-BF4B-00C04F79EFBC}") = "32_A. Free Ice Cream", "32_A. Free Ice Cream\32_A. Free Ice Cream.csproj", "{06942309-E513-48EC-8A8D-B5BA3313F94C}"
EndProject
Project("{FAE04EC0-301F-11D3-BF4B-00C04F79EFBC}") = "33_A. Two distinct points", "33_A. Two distinct points\33_A. Two distinct points.csproj", "{B4EFB00A-8F78-4455-A9A7-200406A628A7}"
EndProject
Project("{FAE04EC0-301F-11D3-BF4B-00C04F79EFBC}") = "34_A. A and B and Chess", "34_A. A and B and Chess\34_A. A and B and Chess.csproj", "{79F1FFC2-465F-4A92-8A16-1CE4051C1DEA}"
EndProject
Project("{FAE04EC0-301F-11D3-BF4B-00C04F79EFBC}") = "35_A. Free Cash", "35_A. Free Cash\35_A. Free Cash.csproj", "{5E0BA58A-733C-4637-B785-5456358F0EE0}"
EndProject
Project("{FAE04EC0-301F-11D3-BF4B-00C04F79EFBC}") = "36_A. Divide it!", "36_A. Divide it!\36_A. Divide it!.csproj", "{74992807-3A22-4874-A542-DB028584636D}"
EndProject
Project("{FAE04EC0-301F-11D3-BF4B-00C04F79EFBC}") = "38_A. Three Strings", "38_A. Three Strings\38_A. Three Strings.csproj", "{5A58BA9B-321B-4E10-BF46-9907EC42E2B5}"
EndProject
Global
	GlobalSection(SolutionConfigurationPlatforms) = preSolution
		Debug|Any CPU = Debug|Any CPU
		Release|Any CPU = Release|Any CPU
	EndGlobalSection
	GlobalSection(ProjectConfigurationPlatforms) = postSolution
		{C861CEA6-F5FE-497A-BD0D-2C11498E26E6}.Debug|Any CPU.ActiveCfg = Debug|Any CPU
		{C861CEA6-F5FE-497A-BD0D-2C11498E26E6}.Debug|Any CPU.Build.0 = Debug|Any CPU
		{C861CEA6-F5FE-497A-BD0D-2C11498E26E6}.Release|Any CPU.ActiveCfg = Release|Any CPU
		{C861CEA6-F5FE-497A-BD0D-2C11498E26E6}.Release|Any CPU.Build.0 = Release|Any CPU
		{B896DEF8-AEDE-48A5-9E7F-C12BB024514A}.Debug|Any CPU.ActiveCfg = Debug|Any CPU
		{B896DEF8-AEDE-48A5-9E7F-C12BB024514A}.Debug|Any CPU.Build.0 = Debug|Any CPU
		{B896DEF8-AEDE-48A5-9E7F-C12BB024514A}.Release|Any CPU.ActiveCfg = Release|Any CPU
		{B896DEF8-AEDE-48A5-9E7F-C12BB024514A}.Release|Any CPU.Build.0 = Release|Any CPU
		{1874C093-9B8D-4543-93D6-6B4DBAB1A844}.Debug|Any CPU.ActiveCfg = Debug|Any CPU
		{1874C093-9B8D-4543-93D6-6B4DBAB1A844}.Debug|Any CPU.Build.0 = Debug|Any CPU
		{1874C093-9B8D-4543-93D6-6B4DBAB1A844}.Release|Any CPU.ActiveCfg = Release|Any CPU
		{1874C093-9B8D-4543-93D6-6B4DBAB1A844}.Release|Any CPU.Build.0 = Release|Any CPU
		{E38464EC-E7BC-4873-9438-20C712F2AFC1}.Debug|Any CPU.ActiveCfg = Debug|Any CPU
		{E38464EC-E7BC-4873-9438-20C712F2AFC1}.Debug|Any CPU.Build.0 = Debug|Any CPU
		{E38464EC-E7BC-4873-9438-20C712F2AFC1}.Release|Any CPU.ActiveCfg = Release|Any CPU
		{E38464EC-E7BC-4873-9438-20C712F2AFC1}.Release|Any CPU.Build.0 = Release|Any CPU
		{5FF9FAFC-2C0C-4B79-AE28-893620CF048C}.Debug|Any CPU.ActiveCfg = Debug|Any CPU
		{5FF9FAFC-2C0C-4B79-AE28-893620CF048C}.Debug|Any CPU.Build.0 = Debug|Any CPU
		{5FF9FAFC-2C0C-4B79-AE28-893620CF048C}.Release|Any CPU.ActiveCfg = Release|Any CPU
		{5FF9FAFC-2C0C-4B79-AE28-893620CF048C}.Release|Any CPU.Build.0 = Release|Any CPU
		{E8344656-248B-4350-98BD-5017A140CBC4}.Debug|Any CPU.ActiveCfg = Debug|Any CPU
		{E8344656-248B-4350-98BD-5017A140CBC4}.Debug|Any CPU.Build.0 = Debug|Any CPU
		{E8344656-248B-4350-98BD-5017A140CBC4}.Release|Any CPU.ActiveCfg = Release|Any CPU
		{E8344656-248B-4350-98BD-5017A140CBC4}.Release|Any CPU.Build.0 = Release|Any CPU
		{0F833FE8-B6A7-4DA0-A854-247F0EC129F2}.Debug|Any CPU.ActiveCfg = Debug|Any CPU
		{0F833FE8-B6A7-4DA0-A854-247F0EC129F2}.Debug|Any CPU.Build.0 = Debug|Any CPU
		{0F833FE8-B6A7-4DA0-A854-247F0EC129F2}.Release|Any CPU.ActiveCfg = Release|Any CPU
		{0F833FE8-B6A7-4DA0-A854-247F0EC129F2}.Release|Any CPU.Build.0 = Release|Any CPU
		{AA37C147-F65D-407E-B324-42C20243FDFF}.Debug|Any CPU.ActiveCfg = Debug|Any CPU
		{AA37C147-F65D-407E-B324-42C20243FDFF}.Debug|Any CPU.Build.0 = Debug|Any CPU
		{AA37C147-F65D-407E-B324-42C20243FDFF}.Release|Any CPU.ActiveCfg = Release|Any CPU
		{AA37C147-F65D-407E-B324-42C20243FDFF}.Release|Any CPU.Build.0 = Release|Any CPU
		{D8089024-3D0E-4B59-8F6D-09A968A9F6B4}.Debug|Any CPU.ActiveCfg = Debug|Any CPU
		{D8089024-3D0E-4B59-8F6D-09A968A9F6B4}.Debug|Any CPU.Build.0 = Debug|Any CPU
		{D8089024-3D0E-4B59-8F6D-09A968A9F6B4}.Release|Any CPU.ActiveCfg = Release|Any CPU
		{D8089024-3D0E-4B59-8F6D-09A968A9F6B4}.Release|Any CPU.Build.0 = Release|Any CPU
		{35C252BF-AD13-4FBB-8047-F9B17433F387}.Debug|Any CPU.ActiveCfg = Debug|Any CPU
		{35C252BF-AD13-4FBB-8047-F9B17433F387}.Debug|Any CPU.Build.0 = Debug|Any CPU
		{35C252BF-AD13-4FBB-8047-F9B17433F387}.Release|Any CPU.ActiveCfg = Release|Any CPU
		{35C252BF-AD13-4FBB-8047-F9B17433F387}.Release|Any CPU.Build.0 = Release|Any CPU
		{4CEC0278-F9CC-46B4-B57E-9BC30F9BC5B2}.Debug|Any CPU.ActiveCfg = Debug|Any CPU
		{4CEC0278-F9CC-46B4-B57E-9BC30F9BC5B2}.Debug|Any CPU.Build.0 = Debug|Any CPU
		{4CEC0278-F9CC-46B4-B57E-9BC30F9BC5B2}.Release|Any CPU.ActiveCfg = Release|Any CPU
		{4CEC0278-F9CC-46B4-B57E-9BC30F9BC5B2}.Release|Any CPU.Build.0 = Release|Any CPU
		{770D3A3F-917D-4624-A1F5-15AC1B20CA9C}.Debug|Any CPU.ActiveCfg = Debug|Any CPU
		{770D3A3F-917D-4624-A1F5-15AC1B20CA9C}.Debug|Any CPU.Build.0 = Debug|Any CPU
		{770D3A3F-917D-4624-A1F5-15AC1B20CA9C}.Release|Any CPU.ActiveCfg = Release|Any CPU
		{770D3A3F-917D-4624-A1F5-15AC1B20CA9C}.Release|Any CPU.Build.0 = Release|Any CPU
		{6F38FA95-6B27-4559-8601-E11113D092D8}.Debug|Any CPU.ActiveCfg = Debug|Any CPU
		{6F38FA95-6B27-4559-8601-E11113D092D8}.Debug|Any CPU.Build.0 = Debug|Any CPU
		{6F38FA95-6B27-4559-8601-E11113D092D8}.Release|Any CPU.ActiveCfg = Release|Any CPU
		{6F38FA95-6B27-4559-8601-E11113D092D8}.Release|Any CPU.Build.0 = Release|Any CPU
		{EB06FC5E-D49A-4DE0-986E-A7D7A54FD8B1}.Debug|Any CPU.ActiveCfg = Debug|Any CPU
		{EB06FC5E-D49A-4DE0-986E-A7D7A54FD8B1}.Debug|Any CPU.Build.0 = Debug|Any CPU
		{EB06FC5E-D49A-4DE0-986E-A7D7A54FD8B1}.Release|Any CPU.ActiveCfg = Release|Any CPU
		{EB06FC5E-D49A-4DE0-986E-A7D7A54FD8B1}.Release|Any CPU.Build.0 = Release|Any CPU
		{398C6734-E7BA-44B1-8B18-1868BEDECA44}.Debug|Any CPU.ActiveCfg = Debug|Any CPU
		{398C6734-E7BA-44B1-8B18-1868BEDECA44}.Debug|Any CPU.Build.0 = Debug|Any CPU
		{398C6734-E7BA-44B1-8B18-1868BEDECA44}.Release|Any CPU.ActiveCfg = Release|Any CPU
		{398C6734-E7BA-44B1-8B18-1868BEDECA44}.Release|Any CPU.Build.0 = Release|Any CPU
		{001D6C2B-82FC-478E-9AAB-F9D05C979E42}.Debug|Any CPU.ActiveCfg = Debug|Any CPU
		{001D6C2B-82FC-478E-9AAB-F9D05C979E42}.Debug|Any CPU.Build.0 = Debug|Any CPU
		{001D6C2B-82FC-478E-9AAB-F9D05C979E42}.Release|Any CPU.ActiveCfg = Release|Any CPU
		{001D6C2B-82FC-478E-9AAB-F9D05C979E42}.Release|Any CPU.Build.0 = Release|Any CPU
		{E4C19FC2-B3D6-4B10-909B-642B2FE8E4F4}.Debug|Any CPU.ActiveCfg = Debug|Any CPU
		{E4C19FC2-B3D6-4B10-909B-642B2FE8E4F4}.Debug|Any CPU.Build.0 = Debug|Any CPU
		{E4C19FC2-B3D6-4B10-909B-642B2FE8E4F4}.Release|Any CPU.ActiveCfg = Release|Any CPU
		{E4C19FC2-B3D6-4B10-909B-642B2FE8E4F4}.Release|Any CPU.Build.0 = Release|Any CPU
		{77B638E0-B57B-4370-BC15-BDCFB965EF79}.Debug|Any CPU.ActiveCfg = Debug|Any CPU
		{77B638E0-B57B-4370-BC15-BDCFB965EF79}.Debug|Any CPU.Build.0 = Debug|Any CPU
		{77B638E0-B57B-4370-BC15-BDCFB965EF79}.Release|Any CPU.ActiveCfg = Release|Any CPU
		{77B638E0-B57B-4370-BC15-BDCFB965EF79}.Release|Any CPU.Build.0 = Release|Any CPU
		{D674B3EB-0BA5-4119-A41A-0CEDFA252229}.Debug|Any CPU.ActiveCfg = Debug|Any CPU
		{D674B3EB-0BA5-4119-A41A-0CEDFA252229}.Debug|Any CPU.Build.0 = Debug|Any CPU
		{D674B3EB-0BA5-4119-A41A-0CEDFA252229}.Release|Any CPU.ActiveCfg = Release|Any CPU
		{D674B3EB-0BA5-4119-A41A-0CEDFA252229}.Release|Any CPU.Build.0 = Release|Any CPU
		{A8F01EF4-01C6-4037-8B64-B70B757A8035}.Debug|Any CPU.ActiveCfg = Debug|Any CPU
		{A8F01EF4-01C6-4037-8B64-B70B757A8035}.Debug|Any CPU.Build.0 = Debug|Any CPU
		{A8F01EF4-01C6-4037-8B64-B70B757A8035}.Release|Any CPU.ActiveCfg = Release|Any CPU
		{A8F01EF4-01C6-4037-8B64-B70B757A8035}.Release|Any CPU.Build.0 = Release|Any CPU
		{0957FEDB-A959-4748-811B-578ECFB0FA5F}.Debug|Any CPU.ActiveCfg = Debug|Any CPU
		{0957FEDB-A959-4748-811B-578ECFB0FA5F}.Debug|Any CPU.Build.0 = Debug|Any CPU
		{0957FEDB-A959-4748-811B-578ECFB0FA5F}.Release|Any CPU.ActiveCfg = Release|Any CPU
		{0957FEDB-A959-4748-811B-578ECFB0FA5F}.Release|Any CPU.Build.0 = Release|Any CPU
		{8C54A1D7-84DA-497A-9469-7534D46D261B}.Debug|Any CPU.ActiveCfg = Debug|Any CPU
		{8C54A1D7-84DA-497A-9469-7534D46D261B}.Debug|Any CPU.Build.0 = Debug|Any CPU
		{8C54A1D7-84DA-497A-9469-7534D46D261B}.Release|Any CPU.ActiveCfg = Release|Any CPU
		{8C54A1D7-84DA-497A-9469-7534D46D261B}.Release|Any CPU.Build.0 = Release|Any CPU
		{1FC5C507-5B78-48B1-A0B7-144B0C5C3903}.Debug|Any CPU.ActiveCfg = Debug|Any CPU
		{1FC5C507-5B78-48B1-A0B7-144B0C5C3903}.Debug|Any CPU.Build.0 = Debug|Any CPU
		{1FC5C507-5B78-48B1-A0B7-144B0C5C3903}.Release|Any CPU.ActiveCfg = Release|Any CPU
		{1FC5C507-5B78-48B1-A0B7-144B0C5C3903}.Release|Any CPU.Build.0 = Release|Any CPU
		{910CF52C-9ED2-475F-8B7D-49B89992C037}.Debug|Any CPU.ActiveCfg = Debug|Any CPU
		{910CF52C-9ED2-475F-8B7D-49B89992C037}.Debug|Any CPU.Build.0 = Debug|Any CPU
		{910CF52C-9ED2-475F-8B7D-49B89992C037}.Release|Any CPU.ActiveCfg = Release|Any CPU
		{910CF52C-9ED2-475F-8B7D-49B89992C037}.Release|Any CPU.Build.0 = Release|Any CPU
		{65EAC329-EB5D-4D98-8511-09378BF473EA}.Debug|Any CPU.ActiveCfg = Debug|Any CPU
		{65EAC329-EB5D-4D98-8511-09378BF473EA}.Debug|Any CPU.Build.0 = Debug|Any CPU
		{65EAC329-EB5D-4D98-8511-09378BF473EA}.Release|Any CPU.ActiveCfg = Release|Any CPU
		{65EAC329-EB5D-4D98-8511-09378BF473EA}.Release|Any CPU.Build.0 = Release|Any CPU
		{08E0FD2C-F4DB-4255-9D76-C577329E17A3}.Debug|Any CPU.ActiveCfg = Debug|Any CPU
		{08E0FD2C-F4DB-4255-9D76-C577329E17A3}.Debug|Any CPU.Build.0 = Debug|Any CPU
		{08E0FD2C-F4DB-4255-9D76-C577329E17A3}.Release|Any CPU.ActiveCfg = Release|Any CPU
		{08E0FD2C-F4DB-4255-9D76-C577329E17A3}.Release|Any CPU.Build.0 = Release|Any CPU
		{00EAC5BD-1205-487A-8ADF-8B34390A49C4}.Debug|Any CPU.ActiveCfg = Debug|Any CPU
		{00EAC5BD-1205-487A-8ADF-8B34390A49C4}.Debug|Any CPU.Build.0 = Debug|Any CPU
		{00EAC5BD-1205-487A-8ADF-8B34390A49C4}.Release|Any CPU.ActiveCfg = Release|Any CPU
		{00EAC5BD-1205-487A-8ADF-8B34390A49C4}.Release|Any CPU.Build.0 = Release|Any CPU
		{A263502C-CCA3-4584-B4C9-9E040FD27867}.Debug|Any CPU.ActiveCfg = Debug|Any CPU
		{A263502C-CCA3-4584-B4C9-9E040FD27867}.Debug|Any CPU.Build.0 = Debug|Any CPU
		{A263502C-CCA3-4584-B4C9-9E040FD27867}.Release|Any CPU.ActiveCfg = Release|Any CPU
		{A263502C-CCA3-4584-B4C9-9E040FD27867}.Release|Any CPU.Build.0 = Release|Any CPU
		{CE21BDBE-B3C7-4C7F-A29B-6F2C1E3DEC76}.Debug|Any CPU.ActiveCfg = Debug|Any CPU
		{CE21BDBE-B3C7-4C7F-A29B-6F2C1E3DEC76}.Debug|Any CPU.Build.0 = Debug|Any CPU
		{CE21BDBE-B3C7-4C7F-A29B-6F2C1E3DEC76}.Release|Any CPU.ActiveCfg = Release|Any CPU
		{CE21BDBE-B3C7-4C7F-A29B-6F2C1E3DEC76}.Release|Any CPU.Build.0 = Release|Any CPU
		{E8AE409C-8021-4B3D-98D3-5059F2A8B05F}.Debug|Any CPU.ActiveCfg = Debug|Any CPU
		{E8AE409C-8021-4B3D-98D3-5059F2A8B05F}.Debug|Any CPU.Build.0 = Debug|Any CPU
		{E8AE409C-8021-4B3D-98D3-5059F2A8B05F}.Release|Any CPU.ActiveCfg = Release|Any CPU
		{E8AE409C-8021-4B3D-98D3-5059F2A8B05F}.Release|Any CPU.Build.0 = Release|Any CPU
		{BD266AC9-EB04-4D2A-85B8-A0B8DD438243}.Debug|Any CPU.ActiveCfg = Debug|Any CPU
		{BD266AC9-EB04-4D2A-85B8-A0B8DD438243}.Debug|Any CPU.Build.0 = Debug|Any CPU
		{BD266AC9-EB04-4D2A-85B8-A0B8DD438243}.Release|Any CPU.ActiveCfg = Release|Any CPU
		{BD266AC9-EB04-4D2A-85B8-A0B8DD438243}.Release|Any CPU.Build.0 = Release|Any CPU
		{6F035629-D78E-4C7E-BD11-FBF5613F2CFA}.Debug|Any CPU.ActiveCfg = Debug|Any CPU
		{6F035629-D78E-4C7E-BD11-FBF5613F2CFA}.Debug|Any CPU.Build.0 = Debug|Any CPU
		{6F035629-D78E-4C7E-BD11-FBF5613F2CFA}.Release|Any CPU.ActiveCfg = Release|Any CPU
		{6F035629-D78E-4C7E-BD11-FBF5613F2CFA}.Release|Any CPU.Build.0 = Release|Any CPU
		{06942309-E513-48EC-8A8D-B5BA3313F94C}.Debug|Any CPU.ActiveCfg = Debug|Any CPU
		{06942309-E513-48EC-8A8D-B5BA3313F94C}.Debug|Any CPU.Build.0 = Debug|Any CPU
		{06942309-E513-48EC-8A8D-B5BA3313F94C}.Release|Any CPU.ActiveCfg = Release|Any CPU
		{06942309-E513-48EC-8A8D-B5BA3313F94C}.Release|Any CPU.Build.0 = Release|Any CPU
		{B4EFB00A-8F78-4455-A9A7-200406A628A7}.Debug|Any CPU.ActiveCfg = Debug|Any CPU
		{B4EFB00A-8F78-4455-A9A7-200406A628A7}.Debug|Any CPU.Build.0 = Debug|Any CPU
		{B4EFB00A-8F78-4455-A9A7-200406A628A7}.Release|Any CPU.ActiveCfg = Release|Any CPU
		{B4EFB00A-8F78-4455-A9A7-200406A628A7}.Release|Any CPU.Build.0 = Release|Any CPU
		{79F1FFC2-465F-4A92-8A16-1CE4051C1DEA}.Debug|Any CPU.ActiveCfg = Debug|Any CPU
		{79F1FFC2-465F-4A92-8A16-1CE4051C1DEA}.Debug|Any CPU.Build.0 = Debug|Any CPU
		{79F1FFC2-465F-4A92-8A16-1CE4051C1DEA}.Release|Any CPU.ActiveCfg = Release|Any CPU
		{79F1FFC2-465F-4A92-8A16-1CE4051C1DEA}.Release|Any CPU.Build.0 = Release|Any CPU
		{5E0BA58A-733C-4637-B785-5456358F0EE0}.Debug|Any CPU.ActiveCfg = Debug|Any CPU
		{5E0BA58A-733C-4637-B785-5456358F0EE0}.Debug|Any CPU.Build.0 = Debug|Any CPU
		{5E0BA58A-733C-4637-B785-5456358F0EE0}.Release|Any CPU.ActiveCfg = Release|Any CPU
		{5E0BA58A-733C-4637-B785-5456358F0EE0}.Release|Any CPU.Build.0 = Release|Any CPU
		{74992807-3A22-4874-A542-DB028584636D}.Debug|Any CPU.ActiveCfg = Debug|Any CPU
		{74992807-3A22-4874-A542-DB028584636D}.Debug|Any CPU.Build.0 = Debug|Any CPU
		{74992807-3A22-4874-A542-DB028584636D}.Release|Any CPU.ActiveCfg = Release|Any CPU
		{74992807-3A22-4874-A542-DB028584636D}.Release|Any CPU.Build.0 = Release|Any CPU
		{5A58BA9B-321B-4E10-BF46-9907EC42E2B5}.Debug|Any CPU.ActiveCfg = Debug|Any CPU
		{5A58BA9B-321B-4E10-BF46-9907EC42E2B5}.Debug|Any CPU.Build.0 = Debug|Any CPU
		{5A58BA9B-321B-4E10-BF46-9907EC42E2B5}.Release|Any CPU.ActiveCfg = Release|Any CPU
		{5A58BA9B-321B-4E10-BF46-9907EC42E2B5}.Release|Any CPU.Build.0 = Release|Any CPU
	EndGlobalSection
	GlobalSection(SolutionProperties) = preSolution
		HideSolutionNode = FALSE
	EndGlobalSection
	GlobalSection(ExtensibilityGlobals) = postSolution
		SolutionGuid = {90711D3D-0491-4F10-9A51-6346CFA14EFF}
	EndGlobalSection
EndGlobal
